
Microsoft Visual Studio Solution File, Format Version 12.00
# Visual Studio Version 16
VisualStudioVersion = 16.0.29905.134
MinimumVisualStudioVersion = 10.0.40219.1
Project("{FAE04EC0-301F-11D3-BF4B-00C04F79EFBC}") = "OnlineShop.Data.Sql", "OnlineShop.Data.Sql\OnlineShop.Data.Sql.csproj", "{B33DD8CE-A2FE-42F4-96F1-3E9A09D2F131}"
EndProject
Project("{FAE04EC0-301F-11D3-BF4B-00C04F79EFBC}") = "OnlineShop.Data.Sql.Migrations", "OnlineShop.Data.Sql.Migrations\OnlineShop.Data.Sql.Migrations.csproj", "{5F6494E7-648A-4561-9882-DB3203CD86E2}"
EndProject
Global
	GlobalSection(SolutionConfigurationPlatforms) = preSolution
		Debug|Any CPU = Debug|Any CPU
		Release|Any CPU = Release|Any CPU
	EndGlobalSection
	GlobalSection(ProjectConfigurationPlatforms) = postSolution
		{B33DD8CE-A2FE-42F4-96F1-3E9A09D2F131}.Debug|Any CPU.ActiveCfg = Debug|Any CPU
		{B33DD8CE-A2FE-42F4-96F1-3E9A09D2F131}.Debug|Any CPU.Build.0 = Debug|Any CPU
		{B33DD8CE-A2FE-42F4-96F1-3E9A09D2F131}.Release|Any CPU.ActiveCfg = Release|Any CPU
		{B33DD8CE-A2FE-42F4-96F1-3E9A09D2F131}.Release|Any CPU.Build.0 = Release|Any CPU
		{5F6494E7-648A-4561-9882-DB3203CD86E2}.Debug|Any CPU.ActiveCfg = Debug|Any CPU
		{5F6494E7-648A-4561-9882-DB3203CD86E2}.Debug|Any CPU.Build.0 = Debug|Any CPU
		{5F6494E7-648A-4561-9882-DB3203CD86E2}.Release|Any CPU.ActiveCfg = Release|Any CPU
		{5F6494E7-648A-4561-9882-DB3203CD86E2}.Release|Any CPU.Build.0 = Release|Any CPU
	EndGlobalSection
	GlobalSection(SolutionProperties) = preSolution
		HideSolutionNode = FALSE
	EndGlobalSection
	GlobalSection(ExtensibilityGlobals) = postSolution
		SolutionGuid = {1E830CC8-6ACA-4F23-829A-343FFFBE9F05}
	EndGlobalSection
EndGlobal
